
Microsoft Visual Studio Solution File, Format Version 12.00
# Visual Studio Version 16
VisualStudioVersion = 16.0.30611.23
MinimumVisualStudioVersion = 10.0.40219.1
Project("{FAE04EC0-301F-11D3-BF4B-00C04F79EFBC}") = "WindowsFormsApp1", "WindowsFormsApp1\WindowsFormsApp1.csproj", "{5370DFFE-29D2-4694-B4AB-D1F793BE2978}"
EndProject
Global
	GlobalSection(SolutionConfigurationPlatforms) = preSolution
		Debug|Any CPU = Debug|Any CPU
		Release|Any CPU = Release|Any CPU
	EndGlobalSection
	GlobalSection(ProjectConfigurationPlatforms) = postSolution
		{5370DFFE-29D2-4694-B4AB-D1F793BE2978}.Debug|Any CPU.ActiveCfg = Debug|Any CPU
		{5370DFFE-29D2-4694-B4AB-D1F793BE2978}.Debug|Any CPU.Build.0 = Debug|Any CPU
		{5370DFFE-29D2-4694-B4AB-D1F793BE2978}.Release|Any CPU.ActiveCfg = Release|Any CPU
		{5370DFFE-29D2-4694-B4AB-D1F793BE2978}.Release|Any CPU.Build.0 = Release|Any CPU
	EndGlobalSection
	GlobalSection(SolutionProperties) = preSolution
		HideSolutionNode = FALSE
	EndGlobalSection
	GlobalSection(ExtensibilityGlobals) = postSolution
		SolutionGuid = {CD2C0ABC-2639-42B9-9744-60DD4AAC44E0}
	EndGlobalSection
EndGlobal
